
Microsoft Visual Studio Solution File, Format Version 12.00
# Visual Studio Version 17
VisualStudioVersion = 17.14.36301.6 d17.14
MinimumVisualStudioVersion = 10.0.40219.1
Project("{FAE04EC0-301F-11D3-BF4B-00C04F79EFBC}") = "AuthECAPI", "AuthECAPI\AuthECAPI.csproj", "{841DC3AF-F064-416A-B7EE-9FCFA416A7CF}"
EndProject
Global
	GlobalSection(SolutionConfigurationPlatforms) = preSolution
		Debug|Any CPU = Debug|Any CPU
		Release|Any CPU = Release|Any CPU
	EndGlobalSection
	GlobalSection(ProjectConfigurationPlatforms) = postSolution
		{841DC3AF-F064-416A-B7EE-9FCFA416A7CF}.Debug|Any CPU.ActiveCfg = Debug|Any CPU
		{841DC3AF-F064-416A-B7EE-9FCFA416A7CF}.Debug|Any CPU.Build.0 = Debug|Any CPU
		{841DC3AF-F064-416A-B7EE-9FCFA416A7CF}.Release|Any CPU.ActiveCfg = Release|Any CPU
		{841DC3AF-F064-416A-B7EE-9FCFA416A7CF}.Release|Any CPU.Build.0 = Release|Any CPU
	EndGlobalSection
	GlobalSection(SolutionProperties) = preSolution
		HideSolutionNode = FALSE
	EndGlobalSection
	GlobalSection(ExtensibilityGlobals) = postSolution
		SolutionGuid = {DFFC7DF6-5AFA-4270-A452-BD7D3E464F14}
	EndGlobalSection
EndGlobal
